
Microsoft Visual Studio Solution File, Format Version 12.00
# Visual Studio Version 17
VisualStudioVersion = 17.13.35825.156 d17.13
MinimumVisualStudioVersion = 10.0.40219.1
Project("{FAE04EC0-301F-11D3-BF4B-00C04F79EFBC}") = "QuanLySinhVien.DAL", "QuanLySinhVien.DAL\QuanLySinhVien.DAL.csproj", "{9F70946A-A83B-4150-B3EA-F42A8EE28DB5}"
EndProject
Project("{FAE04EC0-301F-11D3-BF4B-00C04F79EFBC}") = "QuanLySinhVien.BLL", "QuanLySinhVien.BLL\QuanLySinhVien.BLL.csproj", "{FD90F082-F9A3-4E5A-9036-362568DA9FE6}"
EndProject
Project("{FAE04EC0-301F-11D3-BF4B-00C04F79EFBC}") = "QuanLySinhVien.GUI", "QuanLySinhVien.GUI\QuanLySinhVien.GUI.csproj", "{82BC2679-D968-4494-A429-41796FE72233}"
EndProject
Global
	GlobalSection(SolutionConfigurationPlatforms) = preSolution
		Debug|Any CPU = Debug|Any CPU
		Release|Any CPU = Release|Any CPU
	EndGlobalSection
	GlobalSection(ProjectConfigurationPlatforms) = postSolution
		{9F70946A-A83B-4150-B3EA-F42A8EE28DB5}.Debug|Any CPU.ActiveCfg = Debug|Any CPU
		{9F70946A-A83B-4150-B3EA-F42A8EE28DB5}.Debug|Any CPU.Build.0 = Debug|Any CPU
		{9F70946A-A83B-4150-B3EA-F42A8EE28DB5}.Release|Any CPU.ActiveCfg = Release|Any CPU
		{9F70946A-A83B-4150-B3EA-F42A8EE28DB5}.Release|Any CPU.Build.0 = Release|Any CPU
		{FD90F082-F9A3-4E5A-9036-362568DA9FE6}.Debug|Any CPU.ActiveCfg = Debug|Any CPU
		{FD90F082-F9A3-4E5A-9036-362568DA9FE6}.Debug|Any CPU.Build.0 = Debug|Any CPU
		{FD90F082-F9A3-4E5A-9036-362568DA9FE6}.Release|Any CPU.ActiveCfg = Release|Any CPU
		{FD90F082-F9A3-4E5A-9036-362568DA9FE6}.Release|Any CPU.Build.0 = Release|Any CPU
		{82BC2679-D968-4494-A429-41796FE72233}.Debug|Any CPU.ActiveCfg = Debug|Any CPU
		{82BC2679-D968-4494-A429-41796FE72233}.Debug|Any CPU.Build.0 = Debug|Any CPU
		{82BC2679-D968-4494-A429-41796FE72233}.Release|Any CPU.ActiveCfg = Release|Any CPU
		{82BC2679-D968-4494-A429-41796FE72233}.Release|Any CPU.Build.0 = Release|Any CPU
	EndGlobalSection
	GlobalSection(SolutionProperties) = preSolution
		HideSolutionNode = FALSE
	EndGlobalSection
	GlobalSection(ExtensibilityGlobals) = postSolution
		SolutionGuid = {EC80727E-605D-4FFD-8E88-8F56CF6F9BB5}
	EndGlobalSection
EndGlobal
