
Microsoft Visual Studio Solution File, Format Version 12.00
# Visual Studio Version 17
VisualStudioVersion = 17.13.35825.156 d17.13
MinimumVisualStudioVersion = 10.0.40219.1
Project("{FAE04EC0-301F-11D3-BF4B-00C04F79EFBC}") = "Lab05", "Lab05\Lab05.csproj", "{F6E5950F-2977-42A0-85A4-83B71858229A}"
EndProject
Global
	GlobalSection(SolutionConfigurationPlatforms) = preSolution
		Debug|Any CPU = Debug|Any CPU
		Release|Any CPU = Release|Any CPU
	EndGlobalSection
	GlobalSection(ProjectConfigurationPlatforms) = postSolution
		{F6E5950F-2977-42A0-85A4-83B71858229A}.Debug|Any CPU.ActiveCfg = Debug|Any CPU
		{F6E5950F-2977-42A0-85A4-83B71858229A}.Debug|Any CPU.Build.0 = Debug|Any CPU
		{F6E5950F-2977-42A0-85A4-83B71858229A}.Release|Any CPU.ActiveCfg = Release|Any CPU
		{F6E5950F-2977-42A0-85A4-83B71858229A}.Release|Any CPU.Build.0 = Release|Any CPU
	EndGlobalSection
	GlobalSection(SolutionProperties) = preSolution
		HideSolutionNode = FALSE
	EndGlobalSection
	GlobalSection(ExtensibilityGlobals) = postSolution
		SolutionGuid = {CBC10E44-87B9-42F1-B3A8-534605DF7AD2}
	EndGlobalSection
EndGlobal
