
Microsoft Visual Studio Solution File, Format Version 12.00
# Visual Studio Version 17
VisualStudioVersion = 17.13.35825.156 d17.13
MinimumVisualStudioVersion = 10.0.40219.1
Project("{FAE04EC0-301F-11D3-BF4B-00C04F79EFBC}") = "Lab04-01", "Lab04-01\Lab04-01.csproj", "{9DA206BC-BBD8-42AD-BCF0-B34B08C0A9F4}"
EndProject
Global
	GlobalSection(SolutionConfigurationPlatforms) = preSolution
		Debug|Any CPU = Debug|Any CPU
		Release|Any CPU = Release|Any CPU
	EndGlobalSection
	GlobalSection(ProjectConfigurationPlatforms) = postSolution
		{9DA206BC-BBD8-42AD-BCF0-B34B08C0A9F4}.Debug|Any CPU.ActiveCfg = Debug|Any CPU
		{9DA206BC-BBD8-42AD-BCF0-B34B08C0A9F4}.Debug|Any CPU.Build.0 = Debug|Any CPU
		{9DA206BC-BBD8-42AD-BCF0-B34B08C0A9F4}.Release|Any CPU.ActiveCfg = Release|Any CPU
		{9DA206BC-BBD8-42AD-BCF0-B34B08C0A9F4}.Release|Any CPU.Build.0 = Release|Any CPU
	EndGlobalSection
	GlobalSection(SolutionProperties) = preSolution
		HideSolutionNode = FALSE
	EndGlobalSection
	GlobalSection(ExtensibilityGlobals) = postSolution
		SolutionGuid = {28303B76-B03B-4394-AF44-EE89B91E0CBB}
	EndGlobalSection
EndGlobal
