
Microsoft Visual Studio Solution File, Format Version 12.00
# Visual Studio Version 17
VisualStudioVersion = 17.13.35825.156 d17.13
MinimumVisualStudioVersion = 10.0.40219.1
Project("{FAE04EC0-301F-11D3-BF4B-00C04F79EFBC}") = "Lab02", "Lab02\Lab02.csproj", "{CD84064C-12BE-4DF7-826A-2D7112E616F9}"
EndProject
Global
	GlobalSection(SolutionConfigurationPlatforms) = preSolution
		Debug|Any CPU = Debug|Any CPU
		Release|Any CPU = Release|Any CPU
	EndGlobalSection
	GlobalSection(ProjectConfigurationPlatforms) = postSolution
		{CD84064C-12BE-4DF7-826A-2D7112E616F9}.Debug|Any CPU.ActiveCfg = Debug|Any CPU
		{CD84064C-12BE-4DF7-826A-2D7112E616F9}.Debug|Any CPU.Build.0 = Debug|Any CPU
		{CD84064C-12BE-4DF7-826A-2D7112E616F9}.Release|Any CPU.ActiveCfg = Release|Any CPU
		{CD84064C-12BE-4DF7-826A-2D7112E616F9}.Release|Any CPU.Build.0 = Release|Any CPU
	EndGlobalSection
	GlobalSection(SolutionProperties) = preSolution
		HideSolutionNode = FALSE
	EndGlobalSection
	GlobalSection(ExtensibilityGlobals) = postSolution
		SolutionGuid = {909F28DE-9173-4A22-A0F6-AAC136ACB726}
	EndGlobalSection
EndGlobal
